
Microsoft Visual Studio Solution File, Format Version 12.00
# Visual Studio Version 16
VisualStudioVersion = 16.0.29306.81
MinimumVisualStudioVersion = 10.0.40219.1
Project("{FAE04EC0-301F-11D3-BF4B-00C04F79EFBC}") = "GranColo", "GranColo\GranColo.csproj", "{7A0DFBA3-EA32-471F-8E48-DBA38BBF3C76}"
EndProject
Global
	GlobalSection(SolutionConfigurationPlatforms) = preSolution
		Debug|Any CPU = Debug|Any CPU
		Release|Any CPU = Release|Any CPU
	EndGlobalSection
	GlobalSection(ProjectConfigurationPlatforms) = postSolution
		{7A0DFBA3-EA32-471F-8E48-DBA38BBF3C76}.Debug|Any CPU.ActiveCfg = Debug|Any CPU
		{7A0DFBA3-EA32-471F-8E48-DBA38BBF3C76}.Debug|Any CPU.Build.0 = Debug|Any CPU
		{7A0DFBA3-EA32-471F-8E48-DBA38BBF3C76}.Release|Any CPU.ActiveCfg = Release|Any CPU
		{7A0DFBA3-EA32-471F-8E48-DBA38BBF3C76}.Release|Any CPU.Build.0 = Release|Any CPU
	EndGlobalSection
	GlobalSection(SolutionProperties) = preSolution
		HideSolutionNode = FALSE
	EndGlobalSection
	GlobalSection(ExtensibilityGlobals) = postSolution
		SolutionGuid = {64AD3BC7-BF9C-41D5-8D08-7726296F0B51}
	EndGlobalSection
EndGlobal
